
Microsoft Visual Studio Solution File, Format Version 12.00
Project("{FAE04EC0-301F-11D3-BF4B-00C04F79EFBC}") = "WebAPI", "WebAPI\WebAPI.csproj", "{8C365691-65AA-436F-85C3-71873C8749E6}"
	ProjectSection(ProjectDependencies) = postProject
		{164FF00C-C9EA-470A-AB3B-4AD24B6C1029} = {164FF00C-C9EA-470A-AB3B-4AD24B6C1029}
		{4F8BCA3B-7B23-4FE9-BC48-3775A93A1972} = {4F8BCA3B-7B23-4FE9-BC48-3775A93A1972}
	EndProjectSection
EndProject
Project("{FAE04EC0-301F-11D3-BF4B-00C04F79EFBC}") = "Infrastructure", "Infrastructure\Infrastructure.csproj", "{164FF00C-C9EA-470A-AB3B-4AD24B6C1029}"
EndProject
Project("{FAE04EC0-301F-11D3-BF4B-00C04F79EFBC}") = "Application", "Application\Application.csproj", "{4F8BCA3B-7B23-4FE9-BC48-3775A93A1972}"
EndProject
Project("{FAE04EC0-301F-11D3-BF4B-00C04F79EFBC}") = "Domain", "Domain\Domain.csproj", "{7307AACC-B508-4F22-89D1-6D8059C7F4F8}"
EndProject
Project("{FAE04EC0-301F-11D3-BF4B-00C04F79EFBC}") = "UnitTests", "UnitTests\UnitTests.csproj", "{3A836479-D1EF-48D2-B80A-AA6A06D0F340}"
EndProject
Project("{FAE04EC0-301F-11D3-BF4B-00C04F79EFBC}") = "IntegrationTests", "IntegrationTests\IntegrationTests.csproj", "{CFA863C3-74D5-43CE-8212-F0F0A0540DC6}"
EndProject
Project("{FAE04EC0-301F-11D3-BF4B-00C04F79EFBC}") = "CSVParser", "CSVParser\CSVParser.csproj", "{763808FD-0F75-489F-A730-50F347A47A25}"
EndProject
Project("{2150E333-8FDC-42A3-9474-1A3956D46DE8}") = "Solution Items", "Solution Items", "{C15E4BB8-DDAB-43C6-8396-B40097F0BBF0}"
	ProjectSection(SolutionItems) = preProject
		docker\demo_service_rules.production.yml = docker\demo_service_rules.production.yml
		docker\docker-compose.yaml = docker\docker-compose.yaml
		docker\mysql\config.my-cnf = docker\mysql\config.my-cnf
		docker\mysql\setup.sql = docker\mysql\setup.sql
		docker\otel-collector-config.yaml = docker\otel-collector-config.yaml
		docker\prometheus.yml = docker\prometheus.yml
		docker\docker-compose.override.yaml = docker\docker-compose.override.yaml
		docker\Book.Dockerfile = docker\Book.Dockerfile
		.github\workflows\ci.yml = .github\workflows\ci.yml
		docker\docker-compose.testdb.yaml = docker\docker-compose.testdb.yaml
		docker\Auth.Dockerfile = docker\Auth.Dockerfile
		docker\Notification.Dockerfile = docker\Notification.Dockerfile
		.dockerignore = .dockerignore
		docker\docker-compose.localservices.yaml = docker\docker-compose.localservices.yaml
		docker\Gateway.Dockerfile = docker\Gateway.Dockerfile
	EndProjectSection
EndProject
Project("{2150E333-8FDC-42A3-9474-1A3956D46DE8}") = "BooksAPI", "BooksAPI", "{073837E9-3428-4CF4-93F8-ABEF3728B1D8}"
	ProjectSection(SolutionItems) = preProject
		Config\JwtConfig.json = Config\JwtConfig.json
	EndProjectSection
EndProject
Project("{FAE04EC0-301F-11D3-BF4B-00C04F79EFBC}") = "Yarp.Gateway", "Yarp.Gateway\Yarp.Gateway.csproj", "{D441BBC5-9D88-4668-A13D-AB1B54D6041F}"
EndProject
Project("{2150E333-8FDC-42A3-9474-1A3956D46DE8}") = "AuthAPI", "AuthAPI", "{94B1D9C4-6209-495F-8ECD-B63B1D2B2CB3}"
EndProject
Project("{FAE04EC0-301F-11D3-BF4B-00C04F79EFBC}") = "AuthAPI.Infrastructure", "AuthAPI\AuthAPI.Infrastructure\AuthAPI.Infrastructure.csproj", "{F0A498CD-0C76-4C29-BCAA-F942C6059598}"
EndProject
Project("{FAE04EC0-301F-11D3-BF4B-00C04F79EFBC}") = "AuthAPI.Domain", "AuthAPI\AuthAPI.Domain\AuthAPI.Domain.csproj", "{0594BC96-7360-4498-8073-9B0AD66D35A8}"
EndProject
Project("{FAE04EC0-301F-11D3-BF4B-00C04F79EFBC}") = "AuthAPI.Api", "AuthAPI\AuthAPI.Api\AuthAPI.Api.csproj", "{CD25121B-AF38-4165-9AF8-DD40CA2D1F1E}"
EndProject
Project("{FAE04EC0-301F-11D3-BF4B-00C04F79EFBC}") = "AuthAPI.Application", "AuthAPI\AuthAPI.Application\AuthAPI.Application.csproj", "{B77D9580-4DD0-4050-A5CE-7B11676F4F7B}"
EndProject
Project("{FAE04EC0-301F-11D3-BF4B-00C04F79EFBC}") = "AuthAPI.Tests", "AuthAPI\AuthAPI.Tests\AuthAPI.Tests.csproj", "{7A2B4C88-6F1D-4E2C-A1B5-3D9E5C7F8A2B}"
EndProject
Project("{2150E333-8FDC-42A3-9474-1A3956D46DE8}") = "NotificationAPI", "NotificationAPI", "{ABA98290-5133-42A2-A17C-3B03750B8EAD}"
EndProject
Project("{FAE04EC0-301F-11D3-BF4B-00C04F79EFBC}") = "NotificationAPI.Domain", "NotificationAPI\NotificationAPI.Domain\NotificationAPI.Domain.csproj", "{EFF80390-A295-43AD-8578-43051247D0D2}"
EndProject
Project("{FAE04EC0-301F-11D3-BF4B-00C04F79EFBC}") = "NotificationAPI.Infrastructure", "NotificationAPI\NotificationAPI.Infrastructure\NotificationAPI.Infrastructure.csproj", "{8CD2A651-C679-4FF8-B5EB-489D1C7A454E}"
EndProject
Project("{FAE04EC0-301F-11D3-BF4B-00C04F79EFBC}") = "NotificationAPI.Application", "NotificationAPI\NotificationAPI.Application\NotificationAPI.Application.csproj", "{48D4D0E3-7536-4834-AC56-D6F69101AC24}"
EndProject
Project("{FAE04EC0-301F-11D3-BF4B-00C04F79EFBC}") = "NotificationAPI.Api", "NotificationAPI\NotificationAPI.Api\NotificationAPI.Api.csproj", "{E6F2941B-4A8A-45B8-8E04-3A4C44483830}"
EndProject
Project("{2150E333-8FDC-42A3-9474-1A3956D46DE8}") = "Common", "Common", "{87797819-C051-4D85-A576-BCB6F7BD5040}"
EndProject
Project("{FAE04EC0-301F-11D3-BF4B-00C04F79EFBC}") = "OpenTelemetryService", "Common\OpenTelemetryService\OpenTelemetryService.csproj", "{092270A9-8ED2-4C1A-BDD8-FFCBA182548B}"
EndProject
Project("{FAE04EC0-301F-11D3-BF4B-00C04F79EFBC}") = "JwtHelperService", "Common\JwtHelperService\JwtHelperService.csproj", "{661B7B40-8B11-43B9-9BCE-E1A409BE0739}"
EndProject
Project("{FAE04EC0-301F-11D3-BF4B-00C04F79EFBC}") = "AuthAPI.IntegrationTests", "AuthAPI\AuthAPI.IntegrationTests\AuthAPI.IntegrationTests.csproj", "{2D2B1E27-AB87-481D-A29F-C03165BC9876}"
EndProject
Global
	GlobalSection(SolutionConfigurationPlatforms) = preSolution
		Debug|Any CPU = Debug|Any CPU
		Debug|x64 = Debug|x64
		Debug|x86 = Debug|x86
		Release|Any CPU = Release|Any CPU
		Release|x64 = Release|x64
		Release|x86 = Release|x86
	EndGlobalSection
	GlobalSection(ProjectConfigurationPlatforms) = postSolution
		{8C365691-65AA-436F-85C3-71873C8749E6}.Debug|Any CPU.ActiveCfg = Debug|Any CPU
		{8C365691-65AA-436F-85C3-71873C8749E6}.Debug|Any CPU.Build.0 = Debug|Any CPU
		{8C365691-65AA-436F-85C3-71873C8749E6}.Debug|x64.ActiveCfg = Debug|Any CPU
		{8C365691-65AA-436F-85C3-71873C8749E6}.Debug|x64.Build.0 = Debug|Any CPU
		{8C365691-65AA-436F-85C3-71873C8749E6}.Debug|x86.ActiveCfg = Debug|Any CPU
		{8C365691-65AA-436F-85C3-71873C8749E6}.Debug|x86.Build.0 = Debug|Any CPU
		{8C365691-65AA-436F-85C3-71873C8749E6}.Release|Any CPU.ActiveCfg = Release|Any CPU
		{8C365691-65AA-436F-85C3-71873C8749E6}.Release|Any CPU.Build.0 = Release|Any CPU
		{8C365691-65AA-436F-85C3-71873C8749E6}.Release|x64.ActiveCfg = Release|Any CPU
		{8C365691-65AA-436F-85C3-71873C8749E6}.Release|x64.Build.0 = Release|Any CPU
		{8C365691-65AA-436F-85C3-71873C8749E6}.Release|x86.ActiveCfg = Release|Any CPU
		{8C365691-65AA-436F-85C3-71873C8749E6}.Release|x86.Build.0 = Release|Any CPU
		{164FF00C-C9EA-470A-AB3B-4AD24B6C1029}.Debug|Any CPU.ActiveCfg = Debug|Any CPU
		{164FF00C-C9EA-470A-AB3B-4AD24B6C1029}.Debug|Any CPU.Build.0 = Debug|Any CPU
		{164FF00C-C9EA-470A-AB3B-4AD24B6C1029}.Debug|x64.ActiveCfg = Debug|Any CPU
		{164FF00C-C9EA-470A-AB3B-4AD24B6C1029}.Debug|x64.Build.0 = Debug|Any CPU
		{164FF00C-C9EA-470A-AB3B-4AD24B6C1029}.Debug|x86.ActiveCfg = Debug|Any CPU
		{164FF00C-C9EA-470A-AB3B-4AD24B6C1029}.Debug|x86.Build.0 = Debug|Any CPU
		{164FF00C-C9EA-470A-AB3B-4AD24B6C1029}.Release|Any CPU.ActiveCfg = Release|Any CPU
		{164FF00C-C9EA-470A-AB3B-4AD24B6C1029}.Release|Any CPU.Build.0 = Release|Any CPU
		{164FF00C-C9EA-470A-AB3B-4AD24B6C1029}.Release|x64.ActiveCfg = Release|Any CPU
		{164FF00C-C9EA-470A-AB3B-4AD24B6C1029}.Release|x64.Build.0 = Release|Any CPU
		{164FF00C-C9EA-470A-AB3B-4AD24B6C1029}.Release|x86.ActiveCfg = Release|Any CPU
		{164FF00C-C9EA-470A-AB3B-4AD24B6C1029}.Release|x86.Build.0 = Release|Any CPU
		{4F8BCA3B-7B23-4FE9-BC48-3775A93A1972}.Debug|Any CPU.ActiveCfg = Debug|Any CPU
		{4F8BCA3B-7B23-4FE9-BC48-3775A93A1972}.Debug|Any CPU.Build.0 = Debug|Any CPU
		{4F8BCA3B-7B23-4FE9-BC48-3775A93A1972}.Debug|x64.ActiveCfg = Debug|Any CPU
		{4F8BCA3B-7B23-4FE9-BC48-3775A93A1972}.Debug|x64.Build.0 = Debug|Any CPU
		{4F8BCA3B-7B23-4FE9-BC48-3775A93A1972}.Debug|x86.ActiveCfg = Debug|Any CPU
		{4F8BCA3B-7B23-4FE9-BC48-3775A93A1972}.Debug|x86.Build.0 = Debug|Any CPU
		{4F8BCA3B-7B23-4FE9-BC48-3775A93A1972}.Release|Any CPU.ActiveCfg = Release|Any CPU
		{4F8BCA3B-7B23-4FE9-BC48-3775A93A1972}.Release|Any CPU.Build.0 = Release|Any CPU
		{4F8BCA3B-7B23-4FE9-BC48-3775A93A1972}.Release|x64.ActiveCfg = Release|Any CPU
		{4F8BCA3B-7B23-4FE9-BC48-3775A93A1972}.Release|x64.Build.0 = Release|Any CPU
		{4F8BCA3B-7B23-4FE9-BC48-3775A93A1972}.Release|x86.ActiveCfg = Release|Any CPU
		{4F8BCA3B-7B23-4FE9-BC48-3775A93A1972}.Release|x86.Build.0 = Release|Any CPU
		{7307AACC-B508-4F22-89D1-6D8059C7F4F8}.Debug|Any CPU.ActiveCfg = Debug|Any CPU
		{7307AACC-B508-4F22-89D1-6D8059C7F4F8}.Debug|Any CPU.Build.0 = Debug|Any CPU
		{7307AACC-B508-4F22-89D1-6D8059C7F4F8}.Debug|x64.ActiveCfg = Debug|Any CPU
		{7307AACC-B508-4F22-89D1-6D8059C7F4F8}.Debug|x64.Build.0 = Debug|Any CPU
		{7307AACC-B508-4F22-89D1-6D8059C7F4F8}.Debug|x86.ActiveCfg = Debug|Any CPU
		{7307AACC-B508-4F22-89D1-6D8059C7F4F8}.Debug|x86.Build.0 = Debug|Any CPU
		{7307AACC-B508-4F22-89D1-6D8059C7F4F8}.Release|Any CPU.ActiveCfg = Release|Any CPU
		{7307AACC-B508-4F22-89D1-6D8059C7F4F8}.Release|Any CPU.Build.0 = Release|Any CPU
		{7307AACC-B508-4F22-89D1-6D8059C7F4F8}.Release|x64.ActiveCfg = Release|Any CPU
		{7307AACC-B508-4F22-89D1-6D8059C7F4F8}.Release|x64.Build.0 = Release|Any CPU
		{7307AACC-B508-4F22-89D1-6D8059C7F4F8}.Release|x86.ActiveCfg = Release|Any CPU
		{7307AACC-B508-4F22-89D1-6D8059C7F4F8}.Release|x86.Build.0 = Release|Any CPU
		{3A836479-D1EF-48D2-B80A-AA6A06D0F340}.Debug|Any CPU.ActiveCfg = Debug|Any CPU
		{3A836479-D1EF-48D2-B80A-AA6A06D0F340}.Debug|Any CPU.Build.0 = Debug|Any CPU
		{3A836479-D1EF-48D2-B80A-AA6A06D0F340}.Debug|x64.ActiveCfg = Debug|Any CPU
		{3A836479-D1EF-48D2-B80A-AA6A06D0F340}.Debug|x64.Build.0 = Debug|Any CPU
		{3A836479-D1EF-48D2-B80A-AA6A06D0F340}.Debug|x86.ActiveCfg = Debug|Any CPU
		{3A836479-D1EF-48D2-B80A-AA6A06D0F340}.Debug|x86.Build.0 = Debug|Any CPU
		{3A836479-D1EF-48D2-B80A-AA6A06D0F340}.Release|Any CPU.ActiveCfg = Release|Any CPU
		{3A836479-D1EF-48D2-B80A-AA6A06D0F340}.Release|Any CPU.Build.0 = Release|Any CPU
		{3A836479-D1EF-48D2-B80A-AA6A06D0F340}.Release|x64.ActiveCfg = Release|Any CPU
		{3A836479-D1EF-48D2-B80A-AA6A06D0F340}.Release|x64.Build.0 = Release|Any CPU
		{3A836479-D1EF-48D2-B80A-AA6A06D0F340}.Release|x86.ActiveCfg = Release|Any CPU
		{3A836479-D1EF-48D2-B80A-AA6A06D0F340}.Release|x86.Build.0 = Release|Any CPU
		{CFA863C3-74D5-43CE-8212-F0F0A0540DC6}.Debug|Any CPU.ActiveCfg = Debug|Any CPU
		{CFA863C3-74D5-43CE-8212-F0F0A0540DC6}.Debug|Any CPU.Build.0 = Debug|Any CPU
		{CFA863C3-74D5-43CE-8212-F0F0A0540DC6}.Debug|x64.ActiveCfg = Debug|Any CPU
		{CFA863C3-74D5-43CE-8212-F0F0A0540DC6}.Debug|x64.Build.0 = Debug|Any CPU
		{CFA863C3-74D5-43CE-8212-F0F0A0540DC6}.Debug|x86.ActiveCfg = Debug|Any CPU
		{CFA863C3-74D5-43CE-8212-F0F0A0540DC6}.Debug|x86.Build.0 = Debug|Any CPU
		{CFA863C3-74D5-43CE-8212-F0F0A0540DC6}.Release|Any CPU.ActiveCfg = Release|Any CPU
		{CFA863C3-74D5-43CE-8212-F0F0A0540DC6}.Release|Any CPU.Build.0 = Release|Any CPU
		{CFA863C3-74D5-43CE-8212-F0F0A0540DC6}.Release|x64.ActiveCfg = Release|Any CPU
		{CFA863C3-74D5-43CE-8212-F0F0A0540DC6}.Release|x64.Build.0 = Release|Any CPU
		{CFA863C3-74D5-43CE-8212-F0F0A0540DC6}.Release|x86.ActiveCfg = Release|Any CPU
		{CFA863C3-74D5-43CE-8212-F0F0A0540DC6}.Release|x86.Build.0 = Release|Any CPU
		{763808FD-0F75-489F-A730-50F347A47A25}.Debug|Any CPU.ActiveCfg = Debug|Any CPU
		{763808FD-0F75-489F-A730-50F347A47A25}.Debug|Any CPU.Build.0 = Debug|Any CPU
		{763808FD-0F75-489F-A730-50F347A47A25}.Debug|x64.ActiveCfg = Debug|Any CPU
		{763808FD-0F75-489F-A730-50F347A47A25}.Debug|x64.Build.0 = Debug|Any CPU
		{763808FD-0F75-489F-A730-50F347A47A25}.Debug|x86.ActiveCfg = Debug|Any CPU
		{763808FD-0F75-489F-A730-50F347A47A25}.Debug|x86.Build.0 = Debug|Any CPU
		{763808FD-0F75-489F-A730-50F347A47A25}.Release|Any CPU.ActiveCfg = Release|Any CPU
		{763808FD-0F75-489F-A730-50F347A47A25}.Release|Any CPU.Build.0 = Release|Any CPU
		{763808FD-0F75-489F-A730-50F347A47A25}.Release|x64.ActiveCfg = Release|Any CPU
		{763808FD-0F75-489F-A730-50F347A47A25}.Release|x64.Build.0 = Release|Any CPU
		{763808FD-0F75-489F-A730-50F347A47A25}.Release|x86.ActiveCfg = Release|Any CPU
		{763808FD-0F75-489F-A730-50F347A47A25}.Release|x86.Build.0 = Release|Any CPU
		{D441BBC5-9D88-4668-A13D-AB1B54D6041F}.Debug|Any CPU.ActiveCfg = Debug|Any CPU
		{D441BBC5-9D88-4668-A13D-AB1B54D6041F}.Debug|Any CPU.Build.0 = Debug|Any CPU
		{D441BBC5-9D88-4668-A13D-AB1B54D6041F}.Debug|x64.ActiveCfg = Debug|Any CPU
		{D441BBC5-9D88-4668-A13D-AB1B54D6041F}.Debug|x64.Build.0 = Debug|Any CPU
		{D441BBC5-9D88-4668-A13D-AB1B54D6041F}.Debug|x86.ActiveCfg = Debug|Any CPU
		{D441BBC5-9D88-4668-A13D-AB1B54D6041F}.Debug|x86.Build.0 = Debug|Any CPU
		{D441BBC5-9D88-4668-A13D-AB1B54D6041F}.Release|Any CPU.ActiveCfg = Release|Any CPU
		{D441BBC5-9D88-4668-A13D-AB1B54D6041F}.Release|Any CPU.Build.0 = Release|Any CPU
		{D441BBC5-9D88-4668-A13D-AB1B54D6041F}.Release|x64.ActiveCfg = Release|Any CPU
		{D441BBC5-9D88-4668-A13D-AB1B54D6041F}.Release|x64.Build.0 = Release|Any CPU
		{D441BBC5-9D88-4668-A13D-AB1B54D6041F}.Release|x86.ActiveCfg = Release|Any CPU
		{D441BBC5-9D88-4668-A13D-AB1B54D6041F}.Release|x86.Build.0 = Release|Any CPU
		{F0A498CD-0C76-4C29-BCAA-F942C6059598}.Debug|Any CPU.ActiveCfg = Debug|Any CPU
		{F0A498CD-0C76-4C29-BCAA-F942C6059598}.Debug|Any CPU.Build.0 = Debug|Any CPU
		{F0A498CD-0C76-4C29-BCAA-F942C6059598}.Debug|x64.ActiveCfg = Debug|Any CPU
		{F0A498CD-0C76-4C29-BCAA-F942C6059598}.Debug|x64.Build.0 = Debug|Any CPU
		{F0A498CD-0C76-4C29-BCAA-F942C6059598}.Debug|x86.ActiveCfg = Debug|Any CPU
		{F0A498CD-0C76-4C29-BCAA-F942C6059598}.Debug|x86.Build.0 = Debug|Any CPU
		{F0A498CD-0C76-4C29-BCAA-F942C6059598}.Release|Any CPU.ActiveCfg = Release|Any CPU
		{F0A498CD-0C76-4C29-BCAA-F942C6059598}.Release|Any CPU.Build.0 = Release|Any CPU
		{F0A498CD-0C76-4C29-BCAA-F942C6059598}.Release|x64.ActiveCfg = Release|Any CPU
		{F0A498CD-0C76-4C29-BCAA-F942C6059598}.Release|x64.Build.0 = Release|Any CPU
		{F0A498CD-0C76-4C29-BCAA-F942C6059598}.Release|x86.ActiveCfg = Release|Any CPU
		{F0A498CD-0C76-4C29-BCAA-F942C6059598}.Release|x86.Build.0 = Release|Any CPU
		{0594BC96-7360-4498-8073-9B0AD66D35A8}.Debug|Any CPU.ActiveCfg = Debug|Any CPU
		{0594BC96-7360-4498-8073-9B0AD66D35A8}.Debug|Any CPU.Build.0 = Debug|Any CPU
		{0594BC96-7360-4498-8073-9B0AD66D35A8}.Debug|x64.ActiveCfg = Debug|Any CPU
		{0594BC96-7360-4498-8073-9B0AD66D35A8}.Debug|x64.Build.0 = Debug|Any CPU
		{0594BC96-7360-4498-8073-9B0AD66D35A8}.Debug|x86.ActiveCfg = Debug|Any CPU
		{0594BC96-7360-4498-8073-9B0AD66D35A8}.Debug|x86.Build.0 = Debug|Any CPU
		{0594BC96-7360-4498-8073-9B0AD66D35A8}.Release|Any CPU.ActiveCfg = Release|Any CPU
		{0594BC96-7360-4498-8073-9B0AD66D35A8}.Release|Any CPU.Build.0 = Release|Any CPU
		{0594BC96-7360-4498-8073-9B0AD66D35A8}.Release|x64.ActiveCfg = Release|Any CPU
		{0594BC96-7360-4498-8073-9B0AD66D35A8}.Release|x64.Build.0 = Release|Any CPU
		{0594BC96-7360-4498-8073-9B0AD66D35A8}.Release|x86.ActiveCfg = Release|Any CPU
		{0594BC96-7360-4498-8073-9B0AD66D35A8}.Release|x86.Build.0 = Release|Any CPU
		{CD25121B-AF38-4165-9AF8-DD40CA2D1F1E}.Debug|Any CPU.ActiveCfg = Debug|Any CPU
		{CD25121B-AF38-4165-9AF8-DD40CA2D1F1E}.Debug|Any CPU.Build.0 = Debug|Any CPU
		{CD25121B-AF38-4165-9AF8-DD40CA2D1F1E}.Debug|x64.ActiveCfg = Debug|Any CPU
		{CD25121B-AF38-4165-9AF8-DD40CA2D1F1E}.Debug|x64.Build.0 = Debug|Any CPU
		{CD25121B-AF38-4165-9AF8-DD40CA2D1F1E}.Debug|x86.ActiveCfg = Debug|Any CPU
		{CD25121B-AF38-4165-9AF8-DD40CA2D1F1E}.Debug|x86.Build.0 = Debug|Any CPU
		{CD25121B-AF38-4165-9AF8-DD40CA2D1F1E}.Release|Any CPU.ActiveCfg = Release|Any CPU
		{CD25121B-AF38-4165-9AF8-DD40CA2D1F1E}.Release|Any CPU.Build.0 = Release|Any CPU
		{CD25121B-AF38-4165-9AF8-DD40CA2D1F1E}.Release|x64.ActiveCfg = Release|Any CPU
		{CD25121B-AF38-4165-9AF8-DD40CA2D1F1E}.Release|x64.Build.0 = Release|Any CPU
		{CD25121B-AF38-4165-9AF8-DD40CA2D1F1E}.Release|x86.ActiveCfg = Release|Any CPU
		{CD25121B-AF38-4165-9AF8-DD40CA2D1F1E}.Release|x86.Build.0 = Release|Any CPU
		{B77D9580-4DD0-4050-A5CE-7B11676F4F7B}.Debug|Any CPU.ActiveCfg = Debug|Any CPU
		{B77D9580-4DD0-4050-A5CE-7B11676F4F7B}.Debug|Any CPU.Build.0 = Debug|Any CPU
		{B77D9580-4DD0-4050-A5CE-7B11676F4F7B}.Debug|x64.ActiveCfg = Debug|Any CPU
		{B77D9580-4DD0-4050-A5CE-7B11676F4F7B}.Debug|x64.Build.0 = Debug|Any CPU
		{B77D9580-4DD0-4050-A5CE-7B11676F4F7B}.Debug|x86.ActiveCfg = Debug|Any CPU
		{B77D9580-4DD0-4050-A5CE-7B11676F4F7B}.Debug|x86.Build.0 = Debug|Any CPU
		{B77D9580-4DD0-4050-A5CE-7B11676F4F7B}.Release|Any CPU.ActiveCfg = Release|Any CPU
		{B77D9580-4DD0-4050-A5CE-7B11676F4F7B}.Release|Any CPU.Build.0 = Release|Any CPU
		{B77D9580-4DD0-4050-A5CE-7B11676F4F7B}.Release|x64.ActiveCfg = Release|Any CPU
		{B77D9580-4DD0-4050-A5CE-7B11676F4F7B}.Release|x64.Build.0 = Release|Any CPU
		{B77D9580-4DD0-4050-A5CE-7B11676F4F7B}.Release|x86.ActiveCfg = Release|Any CPU
		{B77D9580-4DD0-4050-A5CE-7B11676F4F7B}.Release|x86.Build.0 = Release|Any CPU
		{7A2B4C88-6F1D-4E2C-A1B5-3D9E5C7F8A2B}.Debug|Any CPU.ActiveCfg = Debug|Any CPU
		{7A2B4C88-6F1D-4E2C-A1B5-3D9E5C7F8A2B}.Debug|Any CPU.Build.0 = Debug|Any CPU
		{7A2B4C88-6F1D-4E2C-A1B5-3D9E5C7F8A2B}.Debug|x64.ActiveCfg = Debug|Any CPU
		{7A2B4C88-6F1D-4E2C-A1B5-3D9E5C7F8A2B}.Debug|x64.Build.0 = Debug|Any CPU
		{7A2B4C88-6F1D-4E2C-A1B5-3D9E5C7F8A2B}.Debug|x86.ActiveCfg = Debug|Any CPU
		{7A2B4C88-6F1D-4E2C-A1B5-3D9E5C7F8A2B}.Debug|x86.Build.0 = Debug|Any CPU
		{7A2B4C88-6F1D-4E2C-A1B5-3D9E5C7F8A2B}.Release|Any CPU.ActiveCfg = Release|Any CPU
		{7A2B4C88-6F1D-4E2C-A1B5-3D9E5C7F8A2B}.Release|Any CPU.Build.0 = Release|Any CPU
		{7A2B4C88-6F1D-4E2C-A1B5-3D9E5C7F8A2B}.Release|x64.ActiveCfg = Release|Any CPU
		{7A2B4C88-6F1D-4E2C-A1B5-3D9E5C7F8A2B}.Release|x64.Build.0 = Release|Any CPU
		{7A2B4C88-6F1D-4E2C-A1B5-3D9E5C7F8A2B}.Release|x86.ActiveCfg = Release|Any CPU
		{7A2B4C88-6F1D-4E2C-A1B5-3D9E5C7F8A2B}.Release|x86.Build.0 = Release|Any CPU
		{EFF80390-A295-43AD-8578-43051247D0D2}.Debug|Any CPU.ActiveCfg = Debug|Any CPU
		{EFF80390-A295-43AD-8578-43051247D0D2}.Debug|Any CPU.Build.0 = Debug|Any CPU
		{EFF80390-A295-43AD-8578-43051247D0D2}.Debug|x64.ActiveCfg = Debug|Any CPU
		{EFF80390-A295-43AD-8578-43051247D0D2}.Debug|x64.Build.0 = Debug|Any CPU
		{EFF80390-A295-43AD-8578-43051247D0D2}.Debug|x86.ActiveCfg = Debug|Any CPU
		{EFF80390-A295-43AD-8578-43051247D0D2}.Debug|x86.Build.0 = Debug|Any CPU
		{EFF80390-A295-43AD-8578-43051247D0D2}.Release|Any CPU.ActiveCfg = Release|Any CPU
		{EFF80390-A295-43AD-8578-43051247D0D2}.Release|Any CPU.Build.0 = Release|Any CPU
		{EFF80390-A295-43AD-8578-43051247D0D2}.Release|x64.ActiveCfg = Release|Any CPU
		{EFF80390-A295-43AD-8578-43051247D0D2}.Release|x64.Build.0 = Release|Any CPU
		{EFF80390-A295-43AD-8578-43051247D0D2}.Release|x86.ActiveCfg = Release|Any CPU
		{EFF80390-A295-43AD-8578-43051247D0D2}.Release|x86.Build.0 = Release|Any CPU
		{8CD2A651-C679-4FF8-B5EB-489D1C7A454E}.Debug|Any CPU.ActiveCfg = Debug|Any CPU
		{8CD2A651-C679-4FF8-B5EB-489D1C7A454E}.Debug|Any CPU.Build.0 = Debug|Any CPU
		{8CD2A651-C679-4FF8-B5EB-489D1C7A454E}.Debug|x64.ActiveCfg = Debug|Any CPU
		{8CD2A651-C679-4FF8-B5EB-489D1C7A454E}.Debug|x64.Build.0 = Debug|Any CPU
		{8CD2A651-C679-4FF8-B5EB-489D1C7A454E}.Debug|x86.ActiveCfg = Debug|Any CPU
		{8CD2A651-C679-4FF8-B5EB-489D1C7A454E}.Debug|x86.Build.0 = Debug|Any CPU
		{8CD2A651-C679-4FF8-B5EB-489D1C7A454E}.Release|Any CPU.ActiveCfg = Release|Any CPU
		{8CD2A651-C679-4FF8-B5EB-489D1C7A454E}.Release|Any CPU.Build.0 = Release|Any CPU
		{8CD2A651-C679-4FF8-B5EB-489D1C7A454E}.Release|x64.ActiveCfg = Release|Any CPU
		{8CD2A651-C679-4FF8-B5EB-489D1C7A454E}.Release|x64.Build.0 = Release|Any CPU
		{8CD2A651-C679-4FF8-B5EB-489D1C7A454E}.Release|x86.ActiveCfg = Release|Any CPU
		{8CD2A651-C679-4FF8-B5EB-489D1C7A454E}.Release|x86.Build.0 = Release|Any CPU
		{48D4D0E3-7536-4834-AC56-D6F69101AC24}.Debug|Any CPU.ActiveCfg = Debug|Any CPU
		{48D4D0E3-7536-4834-AC56-D6F69101AC24}.Debug|Any CPU.Build.0 = Debug|Any CPU
		{48D4D0E3-7536-4834-AC56-D6F69101AC24}.Debug|x64.ActiveCfg = Debug|Any CPU
		{48D4D0E3-7536-4834-AC56-D6F69101AC24}.Debug|x64.Build.0 = Debug|Any CPU
		{48D4D0E3-7536-4834-AC56-D6F69101AC24}.Debug|x86.ActiveCfg = Debug|Any CPU
		{48D4D0E3-7536-4834-AC56-D6F69101AC24}.Debug|x86.Build.0 = Debug|Any CPU
		{48D4D0E3-7536-4834-AC56-D6F69101AC24}.Release|Any CPU.ActiveCfg = Release|Any CPU
		{48D4D0E3-7536-4834-AC56-D6F69101AC24}.Release|Any CPU.Build.0 = Release|Any CPU
		{48D4D0E3-7536-4834-AC56-D6F69101AC24}.Release|x64.ActiveCfg = Release|Any CPU
		{48D4D0E3-7536-4834-AC56-D6F69101AC24}.Release|x64.Build.0 = Release|Any CPU
		{48D4D0E3-7536-4834-AC56-D6F69101AC24}.Release|x86.ActiveCfg = Release|Any CPU
		{48D4D0E3-7536-4834-AC56-D6F69101AC24}.Release|x86.Build.0 = Release|Any CPU
		{E6F2941B-4A8A-45B8-8E04-3A4C44483830}.Debug|Any CPU.ActiveCfg = Debug|Any CPU
		{E6F2941B-4A8A-45B8-8E04-3A4C44483830}.Debug|Any CPU.Build.0 = Debug|Any CPU
		{E6F2941B-4A8A-45B8-8E04-3A4C44483830}.Debug|x64.ActiveCfg = Debug|Any CPU
		{E6F2941B-4A8A-45B8-8E04-3A4C44483830}.Debug|x64.Build.0 = Debug|Any CPU
		{E6F2941B-4A8A-45B8-8E04-3A4C44483830}.Debug|x86.ActiveCfg = Debug|Any CPU
		{E6F2941B-4A8A-45B8-8E04-3A4C44483830}.Debug|x86.Build.0 = Debug|Any CPU
		{E6F2941B-4A8A-45B8-8E04-3A4C44483830}.Release|Any CPU.ActiveCfg = Release|Any CPU
		{E6F2941B-4A8A-45B8-8E04-3A4C44483830}.Release|Any CPU.Build.0 = Release|Any CPU
		{E6F2941B-4A8A-45B8-8E04-3A4C44483830}.Release|x64.ActiveCfg = Release|Any CPU
		{E6F2941B-4A8A-45B8-8E04-3A4C44483830}.Release|x64.Build.0 = Release|Any CPU
		{E6F2941B-4A8A-45B8-8E04-3A4C44483830}.Release|x86.ActiveCfg = Release|Any CPU
		{E6F2941B-4A8A-45B8-8E04-3A4C44483830}.Release|x86.Build.0 = Release|Any CPU
		{092270A9-8ED2-4C1A-BDD8-FFCBA182548B}.Debug|Any CPU.ActiveCfg = Debug|Any CPU
		{092270A9-8ED2-4C1A-BDD8-FFCBA182548B}.Debug|Any CPU.Build.0 = Debug|Any CPU
		{092270A9-8ED2-4C1A-BDD8-FFCBA182548B}.Debug|x64.ActiveCfg = Debug|Any CPU
		{092270A9-8ED2-4C1A-BDD8-FFCBA182548B}.Debug|x64.Build.0 = Debug|Any CPU
		{092270A9-8ED2-4C1A-BDD8-FFCBA182548B}.Debug|x86.ActiveCfg = Debug|Any CPU
		{092270A9-8ED2-4C1A-BDD8-FFCBA182548B}.Debug|x86.Build.0 = Debug|Any CPU
		{092270A9-8ED2-4C1A-BDD8-FFCBA182548B}.Release|Any CPU.ActiveCfg = Release|Any CPU
		{092270A9-8ED2-4C1A-BDD8-FFCBA182548B}.Release|Any CPU.Build.0 = Release|Any CPU
		{092270A9-8ED2-4C1A-BDD8-FFCBA182548B}.Release|x64.ActiveCfg = Release|Any CPU
		{092270A9-8ED2-4C1A-BDD8-FFCBA182548B}.Release|x64.Build.0 = Release|Any CPU
		{092270A9-8ED2-4C1A-BDD8-FFCBA182548B}.Release|x86.ActiveCfg = Release|Any CPU
		{092270A9-8ED2-4C1A-BDD8-FFCBA182548B}.Release|x86.Build.0 = Release|Any CPU
		{661B7B40-8B11-43B9-9BCE-E1A409BE0739}.Debug|Any CPU.ActiveCfg = Debug|Any CPU
		{661B7B40-8B11-43B9-9BCE-E1A409BE0739}.Debug|Any CPU.Build.0 = Debug|Any CPU
		{661B7B40-8B11-43B9-9BCE-E1A409BE0739}.Debug|x64.ActiveCfg = Debug|Any CPU
		{661B7B40-8B11-43B9-9BCE-E1A409BE0739}.Debug|x64.Build.0 = Debug|Any CPU
		{661B7B40-8B11-43B9-9BCE-E1A409BE0739}.Debug|x86.ActiveCfg = Debug|Any CPU
		{661B7B40-8B11-43B9-9BCE-E1A409BE0739}.Debug|x86.Build.0 = Debug|Any CPU
		{661B7B40-8B11-43B9-9BCE-E1A409BE0739}.Release|Any CPU.ActiveCfg = Release|Any CPU
		{661B7B40-8B11-43B9-9BCE-E1A409BE0739}.Release|Any CPU.Build.0 = Release|Any CPU
		{661B7B40-8B11-43B9-9BCE-E1A409BE0739}.Release|x64.ActiveCfg = Release|Any CPU
		{661B7B40-8B11-43B9-9BCE-E1A409BE0739}.Release|x64.Build.0 = Release|Any CPU
		{661B7B40-8B11-43B9-9BCE-E1A409BE0739}.Release|x86.ActiveCfg = Release|Any CPU
		{661B7B40-8B11-43B9-9BCE-E1A409BE0739}.Release|x86.Build.0 = Release|Any CPU
		{2D2B1E27-AB87-481D-A29F-C03165BC9876}.Debug|Any CPU.ActiveCfg = Debug|Any CPU
		{2D2B1E27-AB87-481D-A29F-C03165BC9876}.Debug|Any CPU.Build.0 = Debug|Any CPU
		{2D2B1E27-AB87-481D-A29F-C03165BC9876}.Debug|x64.ActiveCfg = Debug|Any CPU
		{2D2B1E27-AB87-481D-A29F-C03165BC9876}.Debug|x64.Build.0 = Debug|Any CPU
		{2D2B1E27-AB87-481D-A29F-C03165BC9876}.Debug|x86.ActiveCfg = Debug|Any CPU
		{2D2B1E27-AB87-481D-A29F-C03165BC9876}.Debug|x86.Build.0 = Debug|Any CPU
		{2D2B1E27-AB87-481D-A29F-C03165BC9876}.Release|Any CPU.ActiveCfg = Release|Any CPU
		{2D2B1E27-AB87-481D-A29F-C03165BC9876}.Release|Any CPU.Build.0 = Release|Any CPU
		{2D2B1E27-AB87-481D-A29F-C03165BC9876}.Release|x64.ActiveCfg = Release|Any CPU
		{2D2B1E27-AB87-481D-A29F-C03165BC9876}.Release|x64.Build.0 = Release|Any CPU
		{2D2B1E27-AB87-481D-A29F-C03165BC9876}.Release|x86.ActiveCfg = Release|Any CPU
		{2D2B1E27-AB87-481D-A29F-C03165BC9876}.Release|x86.Build.0 = Release|Any CPU
	EndGlobalSection
	GlobalSection(SolutionProperties) = preSolution
		HideSolutionNode = FALSE
	EndGlobalSection
	GlobalSection(NestedProjects) = preSolution
		{8C365691-65AA-436F-85C3-71873C8749E6} = {073837E9-3428-4CF4-93F8-ABEF3728B1D8}
		{164FF00C-C9EA-470A-AB3B-4AD24B6C1029} = {073837E9-3428-4CF4-93F8-ABEF3728B1D8}
		{4F8BCA3B-7B23-4FE9-BC48-3775A93A1972} = {073837E9-3428-4CF4-93F8-ABEF3728B1D8}
		{7307AACC-B508-4F22-89D1-6D8059C7F4F8} = {073837E9-3428-4CF4-93F8-ABEF3728B1D8}
		{3A836479-D1EF-48D2-B80A-AA6A06D0F340} = {073837E9-3428-4CF4-93F8-ABEF3728B1D8}
		{CFA863C3-74D5-43CE-8212-F0F0A0540DC6} = {073837E9-3428-4CF4-93F8-ABEF3728B1D8}
		{763808FD-0F75-489F-A730-50F347A47A25} = {073837E9-3428-4CF4-93F8-ABEF3728B1D8}
		{F0A498CD-0C76-4C29-BCAA-F942C6059598} = {94B1D9C4-6209-495F-8ECD-B63B1D2B2CB3}
		{0594BC96-7360-4498-8073-9B0AD66D35A8} = {94B1D9C4-6209-495F-8ECD-B63B1D2B2CB3}
		{CD25121B-AF38-4165-9AF8-DD40CA2D1F1E} = {94B1D9C4-6209-495F-8ECD-B63B1D2B2CB3}
		{B77D9580-4DD0-4050-A5CE-7B11676F4F7B} = {94B1D9C4-6209-495F-8ECD-B63B1D2B2CB3}
		{7A2B4C88-6F1D-4E2C-A1B5-3D9E5C7F8A2B} = {94B1D9C4-6209-495F-8ECD-B63B1D2B2CB3}
		{EFF80390-A295-43AD-8578-43051247D0D2} = {ABA98290-5133-42A2-A17C-3B03750B8EAD}
		{8CD2A651-C679-4FF8-B5EB-489D1C7A454E} = {ABA98290-5133-42A2-A17C-3B03750B8EAD}
		{48D4D0E3-7536-4834-AC56-D6F69101AC24} = {ABA98290-5133-42A2-A17C-3B03750B8EAD}
		{E6F2941B-4A8A-45B8-8E04-3A4C44483830} = {ABA98290-5133-42A2-A17C-3B03750B8EAD}
		{092270A9-8ED2-4C1A-BDD8-FFCBA182548B} = {87797819-C051-4D85-A576-BCB6F7BD5040}
		{661B7B40-8B11-43B9-9BCE-E1A409BE0739} = {87797819-C051-4D85-A576-BCB6F7BD5040}
		{2D2B1E27-AB87-481D-A29F-C03165BC9876} = {94B1D9C4-6209-495F-8ECD-B63B1D2B2CB3}
	EndGlobalSection
EndGlobal
